
Microsoft Visual Studio Solution File, Format Version 12.00
# Visual Studio Version 17
VisualStudioVersion = 17.7.34003.232
MinimumVisualStudioVersion = 10.0.40219.1
Project("{FAE04EC0-301F-11D3-BF4B-00C04F79EFBC}") = "StudentElection", "StudentElection\StudentElection.csproj", "{773604E3-1F8C-466D-90D4-92630674C1EB}"
EndProject
Global
	GlobalSection(SolutionConfigurationPlatforms) = preSolution
		Debug|Any CPU = Debug|Any CPU
		Release|Any CPU = Release|Any CPU
	EndGlobalSection
	GlobalSection(ProjectConfigurationPlatforms) = postSolution
		{773604E3-1F8C-466D-90D4-92630674C1EB}.Debug|Any CPU.ActiveCfg = Debug|Any CPU
		{773604E3-1F8C-466D-90D4-92630674C1EB}.Debug|Any CPU.Build.0 = Debug|Any CPU
		{773604E3-1F8C-466D-90D4-92630674C1EB}.Release|Any CPU.ActiveCfg = Release|Any CPU
		{773604E3-1F8C-466D-90D4-92630674C1EB}.Release|Any CPU.Build.0 = Release|Any CPU
	EndGlobalSection
	GlobalSection(SolutionProperties) = preSolution
		HideSolutionNode = FALSE
	EndGlobalSection
	GlobalSection(ExtensibilityGlobals) = postSolution
		SolutionGuid = {B1C74D2D-F7C9-44B8-B317-2EC8F3355C91}
	EndGlobalSection
EndGlobal
